
Microsoft Visual Studio Solution File, Format Version 12.00
# Visual Studio Version 17
VisualStudioVersion = 17.3.32819.101
MinimumVisualStudioVersion = 10.0.40219.1
Project("{2150E333-8FDC-42A3-9474-1A3956D46DE8}") = "clients", "clients", "{579C8313-C74D-4DC9-A7C9-CEDE96A781AB}"
EndProject
Project("{2150E333-8FDC-42A3-9474-1A3956D46DE8}") = "server", "server", "{BF4B684A-0FE4-4F36-BB7B-8F140DD8D6CE}"
EndProject
Project("{FAE04EC0-301F-11D3-BF4B-00C04F79EFBC}") = "MultApps.Client.Windows", "clients\MultApps.Client.Windows\MultApps.Client.Windows.csproj", "{8249E5CC-7218-47BE-909D-D64EA241C9B0}"
EndProject
Project("{FAE04EC0-301F-11D3-BF4B-00C04F79EFBC}") = "MultApps.Server.Core", "server\MultApps.Server.Core\MultApps.Server.Core.csproj", "{DD4968CE-3F65-45DA-A770-C78F5B920B6A}"
EndProject
Global
	GlobalSection(SolutionConfigurationPlatforms) = preSolution
		Debug|Any CPU = Debug|Any CPU
		Release|Any CPU = Release|Any CPU
	EndGlobalSection
	GlobalSection(ProjectConfigurationPlatforms) = postSolution
		{8249E5CC-7218-47BE-909D-D64EA241C9B0}.Debug|Any CPU.ActiveCfg = Debug|Any CPU
		{8249E5CC-7218-47BE-909D-D64EA241C9B0}.Debug|Any CPU.Build.0 = Debug|Any CPU
		{8249E5CC-7218-47BE-909D-D64EA241C9B0}.Release|Any CPU.ActiveCfg = Release|Any CPU
		{8249E5CC-7218-47BE-909D-D64EA241C9B0}.Release|Any CPU.Build.0 = Release|Any CPU
		{DD4968CE-3F65-45DA-A770-C78F5B920B6A}.Debug|Any CPU.ActiveCfg = Debug|Any CPU
		{DD4968CE-3F65-45DA-A770-C78F5B920B6A}.Debug|Any CPU.Build.0 = Debug|Any CPU
		{DD4968CE-3F65-45DA-A770-C78F5B920B6A}.Release|Any CPU.ActiveCfg = Release|Any CPU
		{DD4968CE-3F65-45DA-A770-C78F5B920B6A}.Release|Any CPU.Build.0 = Release|Any CPU
	EndGlobalSection
	GlobalSection(SolutionProperties) = preSolution
		HideSolutionNode = FALSE
	EndGlobalSection
	GlobalSection(NestedProjects) = preSolution
		{8249E5CC-7218-47BE-909D-D64EA241C9B0} = {579C8313-C74D-4DC9-A7C9-CEDE96A781AB}
		{DD4968CE-3F65-45DA-A770-C78F5B920B6A} = {BF4B684A-0FE4-4F36-BB7B-8F140DD8D6CE}
	EndGlobalSection
	GlobalSection(ExtensibilityGlobals) = postSolution
		SolutionGuid = {85B65A65-070E-4CD3-8F65-EFB8224A141C}
	EndGlobalSection
EndGlobal
